github.com/adityatelange/hugo-PaperMod v0.0.0-20230604125955-4a924cef5408 h1:ozgfnqLLjG2FUT8q8x8YKTncDclJOMcKA8N9KmMKoyY=
github.com/adityatelange/hugo-PaperMod v0.0.0-20230604125955-4a924cef5408/go.mod h1:HCHxNMKYdGafUYjVV3ICiAqznZK2yH0iI53jqcDFDdQ=
github.com/adityatelange/hugo-PaperMod v0.0.0-20240817144252-58c4841c2632 h1:lAybMw0AsO0cNrVRv1w9Hq2g6J2hP0YiSoOaqju/2To=
github.com/adityatelange/hugo-PaperMod v0.0.0-20240817144252-58c4841c2632/go.mod h1:HCHxNMKYdGafUYjVV3ICiAqznZK2yH0iI53jqcDFDdQ=
github.com/adityatelange/hugo-PaperMod v0.0.0-20250524045829-5a4651783fa9 h1:vSOmKCogP6L4SV2eO7A2zgO7sdml4Ta7tZSd6ccOTmQ=
github.com/adityatelange/hugo-PaperMod v0.0.0-20250524045829-5a4651783fa9/go.mod h1:HCHxNMKYdGafUYjVV3ICiAqznZK2yH0iI53jqcDFDdQ=
